
Microsoft Visual Studio Solution File, Format Version 12.00
# Visual Studio Version 17
VisualStudioVersion = 17.14.36429.23 d17.14
MinimumVisualStudioVersion = 10.0.40219.1
Project("{FAE04EC0-301F-11D3-BF4B-00C04F79EFBC}") = "ConsoleApp1", "ConsoleApp1\ConsoleApp1.csproj", "{03C77BF9-27FF-47E5-BAF9-CA936538AD1A}"
EndProject
Global
	GlobalSection(SolutionConfigurationPlatforms) = preSolution
		Debug|Any CPU = Debug|Any CPU
		Release|Any CPU = Release|Any CPU
	EndGlobalSection
	GlobalSection(ProjectConfigurationPlatforms) = postSolution
		{03C77BF9-27FF-47E5-BAF9-CA936538AD1A}.Debug|Any CPU.ActiveCfg = Debug|Any CPU
		{03C77BF9-27FF-47E5-BAF9-CA936538AD1A}.Debug|Any CPU.Build.0 = Debug|Any CPU
		{03C77BF9-27FF-47E5-BAF9-CA936538AD1A}.Release|Any CPU.ActiveCfg = Release|Any CPU
		{03C77BF9-27FF-47E5-BAF9-CA936538AD1A}.Release|Any CPU.Build.0 = Release|Any CPU
	EndGlobalSection
	GlobalSection(SolutionProperties) = preSolution
		HideSolutionNode = FALSE
	EndGlobalSection
	GlobalSection(ExtensibilityGlobals) = postSolution
		SolutionGuid = {35A8A96D-22CB-48E9-AA03-A4CE9537DF93}
	EndGlobalSection
EndGlobal
